// !$*UTF8*$!
{
	archiveVersion = 1;
	classes = {
	};
	objectVersion = 55;
	objects = {

/* Begin PBXBuildFile section */
		B11D67F8273D8ACA00109A39 /* NewsApp.swift in Sources */ = {isa = PBXBuildFile; fileRef = B11D67F7273D8ACA00109A39 /* NewsApp.swift */; };
		B11D67FA273D8ACA00109A39 /* ContentView.swift in Sources */ = {isa = PBXBuildFile; fileRef = B11D67F9273D8ACA00109A39 /* ContentView.swift */; };
		B11D67FC273D8AD000109A39 /* Assets.xcassets in Resources */ = {isa = PBXBuildFile; fileRef = B11D67FB273D8AD000109A39 /* Assets.xcassets */; };
		B11D67FF273D8AD000109A39 /* Preview Assets.xcassets in Resources */ = {isa = PBXBuildFile; fileRef = B11D67FE273D8AD000109A39 /* Preview Assets.xcassets */; };
		B11D6808273D8FF100109A39 /* news.json in Resources */ = {isa = PBXBuildFile; fileRef = B11D6807273D8FF100109A39 /* news.json */; };
		B11D680B273D915100109A39 /* Article.swift in Sources */ = {isa = PBXBuildFile; fileRef = B11D680A273D915100109A39 /* Article.swift */; };
		B11D680D273D945C00109A39 /* NewsAPIResponse.swift in Sources */ = {isa = PBXBuildFile; fileRef = B11D680C273D945C00109A39 /* NewsAPIResponse.swift */; };
		B11D6810273D970300109A39 /* ArticleRowView.swift in Sources */ = {isa = PBXBuildFile; fileRef = B11D680F273D970300109A39 /* ArticleRowView.swift */; };
		B15BD13C2741772B00D018B8 /* SearchHistoryListView.swift in Sources */ = {isa = PBXBuildFile; fileRef = B15BD13B2741772B00D018B8 /* SearchHistoryListView.swift */; };
		B19C3F1F273F8EF10053940D /* DataStore.swift in Sources */ = {isa = PBXBuildFile; fileRef = B19C3F1E273F8EF10053940D /* DataStore.swift */; };
		B19C3F21274008030053940D /* ArticleSearchViewModel.swift in Sources */ = {isa = PBXBuildFile; fileRef = B19C3F20274008020053940D /* ArticleSearchViewModel.swift */; };
		B19C3F2327400A740053940D /* SearchTabView.swift in Sources */ = {isa = PBXBuildFile; fileRef = B19C3F2227400A740053940D /* SearchTabView.swift */; };
		B1D27EEE273E3512007D286A /* ArticleListView.swift in Sources */ = {isa = PBXBuildFile; fileRef = B1D27EED273E3512007D286A /* ArticleListView.swift */; };
		B1D27EF0273E3BA7007D286A /* SafariView.swift in Sources */ = {isa = PBXBuildFile; fileRef = B1D27EEF273E3BA7007D286A /* SafariView.swift */; };
		B1D27EF3273E42C5007D286A /* NewsAPI.swift in Sources */ = {isa = PBXBuildFile; fileRef = B1D27EF2273E42C5007D286A /* NewsAPI.swift */; };
		B1D27EF5273E44C6007D286A /* Category.swift in Sources */ = {isa = PBXBuildFile; fileRef = B1D27EF4273E44C6007D286A /* Category.swift */; };
		B1D27EF8273E4DE2007D286A /* ArticleNewsViewModel.swift in Sources */ = {isa = PBXBuildFile; fileRef = B1D27EF7273E4DE2007D286A /* ArticleNewsViewModel.swift */; };
		B1D27EFA273E54CD007D286A /* NewsTabView.swift in Sources */ = {isa = PBXBuildFile; fileRef = B1D27EF9273E54CD007D286A /* NewsTabView.swift */; };
		B1D27EFC273E5C45007D286A /* EmptyPlaceholderView.swift in Sources */ = {isa = PBXBuildFile; fileRef = B1D27EFB273E5C44007D286A /* EmptyPlaceholderView.swift */; };
		B1D27EFE273E5D35007D286A /* RetryView.swift in Sources */ = {isa = PBXBuildFile; fileRef = B1D27EFD273E5D35007D286A /* RetryView.swift */; };
		B1D27F00273EA207007D286A /* ArticleBookmarkViewModel.swift in Sources */ = {isa = PBXBuildFile; fileRef = B1D27EFF273EA207007D286A /* ArticleBookmarkViewModel.swift */; };
		B1D27F02273ED81D007D286A /* BookmarkTabView.swift in Sources */ = {isa = PBXBuildFile; fileRef = B1D27F01273ED81D007D286A /* BookmarkTabView.swift */; };
/* End PBXBuildFile section */

/* Begin PBXFileReference section */
		B11D67F4273D8ACA00109A39 /* News app.app */ = {isa = PBXFileReference; explicitFileType = wrapper.application; includeInIndex = 0; path = "News app.app"; sourceTree = BUILT_PRODUCTS_DIR; };
		B11D67F7273D8ACA00109A39 /* NewsApp.swift */ = {isa = PBXFileReference; lastKnownFileType = sourcecode.swift; path = NewsApp.swift; sourceTree = "<group>"; };
		B11D67F9273D8ACA00109A39 /* ContentView.swift */ = {isa = PBXFileReference; lastKnownFileType = sourcecode.swift; path = ContentView.swift; sourceTree = "<group>"; };
		B11D67FB273D8AD000109A39 /* Assets.xcassets */ = {isa = PBXFileReference; lastKnownFileType = folder.assetcatalog; path = Assets.xcassets; sourceTree = "<group>"; };
		B11D67FE273D8AD000109A39 /* Preview Assets.xcassets */ = {isa = PBXFileReference; lastKnownFileType = folder.assetcatalog; path = "Preview Assets.xcassets"; sourceTree = "<group>"; };
		B11D6807273D8FF100109A39 /* news.json */ = {isa = PBXFileReference; lastKnownFileType = text.json; path = news.json; sourceTree = "<group>"; };
		B11D680A273D915100109A39 /* Article.swift */ = {isa = PBXFileReference; lastKnownFileType = sourcecode.swift; path = Article.swift; sourceTree = "<group>"; };
		B11D680C273D945C00109A39 /* NewsAPIResponse.swift */ = {isa = PBXFileReference; lastKnownFileType = sourcecode.swift; path = NewsAPIResponse.swift; sourceTree = "<group>"; };
		B11D680F273D970300109A39 /* ArticleRowView.swift */ = {isa = PBXFileReference; lastKnownFileType = sourcecode.swift; path = ArticleRowView.swift; sourceTree = "<group>"; };
		B15BD13B2741772B00D018B8 /* SearchHistoryListView.swift */ = {isa = PBXFileReference; lastKnownFileType = sourcecode.swift; path = SearchHistoryListView.swift; sourceTree = "<group>"; };
		B19C3F1E273F8EF10053940D /* DataStore.swift */ = {isa = PBXFileReference; lastKnownFileType = sourcecode.swift; path = DataStore.swift; sourceTree = "<group>"; };
		B19C3F20274008020053940D /* ArticleSearchViewModel.swift */ = {isa = PBXFileReference; lastKnownFileType = sourcecode.swift; path = ArticleSearchViewModel.swift; sourceTree = "<group>"; };
		B19C3F2227400A740053940D /* SearchTabView.swift */ = {isa = PBXFileReference; lastKnownFileType = sourcecode.swift; path = SearchTabView.swift; sourceTree = "<group>"; };
		B1D27EEC273DA443007D286A /* News-app-Info.plist */ = {isa = PBXFileReference; lastKnownFileType = text.plist; path = "News-app-Info.plist"; sourceTree = SOURCE_ROOT; };
		B1D27EED273E3512007D286A /* ArticleListView.swift */ = {isa = PBXFileReference; lastKnownFileType = sourcecode.swift; path = ArticleListView.swift; sourceTree = "<group>"; };
		B1D27EEF273E3BA7007D286A /* SafariView.swift */ = {isa = PBXFileReference; lastKnownFileType = sourcecode.swift; path = SafariView.swift; sourceTree = "<group>"; };
		B1D27EF2273E42C5007D286A /* NewsAPI.swift */ = {isa = PBXFileReference; lastKnownFileType = sourcecode.swift; path = NewsAPI.swift; sourceTree = "<group>"; };
		B1D27EF4273E44C6007D286A /* Category.swift */ = {isa = PBXFileReference; lastKnownFileType = sourcecode.swift; path = Category.swift; sourceTree = "<group>"; };
		B1D27EF7273E4DE2007D286A /* ArticleNewsViewModel.swift */ = {isa = PBXFileReference; lastKnownFileType = sourcecode.swift; path = ArticleNewsViewModel.swift; sourceTree = "<group>"; };
		B1D27EF9273E54CD007D286A /* NewsTabView.swift */ = {isa = PBXFileReference; lastKnownFileType = sourcecode.swift; path = NewsTabView.swift; sourceTree = "<group>"; };
		B1D27EFB273E5C44007D286A /* EmptyPlaceholderView.swift */ = {isa = PBXFileReference; lastKnownFileType = sourcecode.swift; path = EmptyPlaceholderView.swift; sourceTree = "<group>"; };
		B1D27EFD273E5D35007D286A /* RetryView.swift */ = {isa = PBXFileReference; lastKnownFileType = sourcecode.swift; path = RetryView.swift; sourceTree = "<group>"; };
		B1D27EFF273EA207007D286A /* ArticleBookmarkViewModel.swift */ = {isa = PBXFileReference; lastKnownFileType = sourcecode.swift; path = ArticleBookmarkViewModel.swift; sourceTree = "<group>"; };
		B1D27F01273ED81D007D286A /* BookmarkTabView.swift */ = {isa = PBXFileReference; lastKnownFileType = sourcecode.swift; path = BookmarkTabView.swift; sourceTree = "<group>"; };
/* End PBXFileReference section */

/* Begin PBXFrameworksBuildPhase section */
		B11D67F1273D8ACA00109A39 /* Frameworks */ = {
			isa = PBXFrameworksBuildPhase;
			buildActionMask = 2147483647;
			files = (
			);
			runOnlyForDeploymentPostprocessing = 0;
		};
/* End PBXFrameworksBuildPhase section */

/* Begin PBXGroup section */
		B11D67EB273D8ACA00109A39 = {
			isa = PBXGroup;
			children = (
				B11D67F6273D8ACA00109A39 /* News app */,
				B11D67F5273D8ACA00109A39 /* Products */,
			);
			sourceTree = "<group>";
		};
		B11D67F5273D8ACA00109A39 /* Products */ = {
			isa = PBXGroup;
			children = (
				B11D67F4273D8ACA00109A39 /* News app.app */,
			);
			name = Products;
			sourceTree = "<group>";
		};
		B11D67F6273D8ACA00109A39 /* News app */ = {
			isa = PBXGroup;
			children = (
				B1D27EEC273DA443007D286A /* News-app-Info.plist */,
				B11D67F7273D8ACA00109A39 /* NewsApp.swift */,
				B11D67F9273D8ACA00109A39 /* ContentView.swift */,
				B11D6807273D8FF100109A39 /* news.json */,
				B1D27EF6273E4DBD007D286A /* ViewModel */,
				B1D27EF1273E42AF007D286A /* API */,
				B11D680E273D96EB00109A39 /* Views */,
				B11D6809273D914000109A39 /* Model */,
				B11D67FB273D8AD000109A39 /* Assets.xcassets */,
				B11D67FD273D8AD000109A39 /* Preview Content */,
			);
			path = "News app";
			sourceTree = "<group>";
		};
		B11D67FD273D8AD000109A39 /* Preview Content */ = {
			isa = PBXGroup;
			children = (
				B11D67FE273D8AD000109A39 /* Preview Assets.xcassets */,
			);
			path = "Preview Content";
			sourceTree = "<group>";
		};
		B11D6809273D914000109A39 /* Model */ = {
			isa = PBXGroup;
			children = (
				B11D680A273D915100109A39 /* Article.swift */,
				B11D680C273D945C00109A39 /* NewsAPIResponse.swift */,
				B1D27EF4273E44C6007D286A /* Category.swift */,
				B19C3F1E273F8EF10053940D /* DataStore.swift */,
			);
			path = Model;
			sourceTree = "<group>";
		};
		B11D680E273D96EB00109A39 /* Views */ = {
			isa = PBXGroup;
			children = (
				B11D680F273D970300109A39 /* ArticleRowView.swift */,
				B1D27EED273E3512007D286A /* ArticleListView.swift */,
				B1D27EEF273E3BA7007D286A /* SafariView.swift */,
				B1D27EFB273E5C44007D286A /* EmptyPlaceholderView.swift */,
				B1D27EFD273E5D35007D286A /* RetryView.swift */,
				B1D27EF9273E54CD007D286A /* NewsTabView.swift */,
				B1D27F01273ED81D007D286A /* BookmarkTabView.swift */,
				B19C3F2227400A740053940D /* SearchTabView.swift */,
				B15BD13B2741772B00D018B8 /* SearchHistoryListView.swift */,
			);
			path = Views;
			sourceTree = "<group>";
		};
		B1D27EF1273E42AF007D286A /* API */ = {
			isa = PBXGroup;
			children = (
				B1D27EF2273E42C5007D286A /* NewsAPI.swift */,
			);
			path = API;
			sourceTree = "<group>";
		};
		B1D27EF6273E4DBD007D286A /* ViewModel */ = {
			isa = PBXGroup;
			children = (
				B1D27EFF273EA207007D286A /* ArticleBookmarkViewModel.swift */,
				B1D27EF7273E4DE2007D286A /* ArticleNewsViewModel.swift */,
				B19C3F20274008020053940D /* ArticleSearchViewModel.swift */,
			);
			path = ViewModel;
			sourceTree = "<group>";
		};
/* End PBXGroup section */

/* Begin PBXNativeTarget section */
		B11D67F3273D8ACA00109A39 /* News app */ = {
			isa = PBXNativeTarget;
			buildConfigurationList = B11D6802273D8AD000109A39 /* Build configuration list for PBXNativeTarget "News app" */;
			buildPhases = (
				B11D67F0273D8ACA00109A39 /* Sources */,
				B11D67F1273D8ACA00109A39 /* Frameworks */,
				B11D67F2273D8ACA00109A39 /* Resources */,
			);
			buildRules = (
			);
			dependencies = (
			);
			name = "News app";
			productName = "News app";
			productReference = B11D67F4273D8ACA00109A39 /* News app.app */;
			productType = "com.apple.product-type.application";
		};
/* End PBXNativeTarget section */

/* Begin PBXProject section */
		B11D67EC273D8ACA00109A39 /* Project object */ = {
			isa = PBXProject;
			attributes = {
				BuildIndependentTargetsInParallel = 1;
				LastSwiftUpdateCheck = 1310;
				LastUpgradeCheck = 1310;
				TargetAttributes = {
					B11D67F3273D8ACA00109A39 = {
						CreatedOnToolsVersion = 13.1;
					};
				};
			};
			buildConfigurationList = B11D67EF273D8ACA00109A39 /* Build configuration list for PBXProject "News app" */;
			compatibilityVersion = "Xcode 13.0";
			developmentRegion = en;
			hasScannedForEncodings = 0;
			knownRegions = (
				en,
				Base,
			);
			mainGroup = B11D67EB273D8ACA00109A39;
			productRefGroup = B11D67F5273D8ACA00109A39 /* Products */;
			projectDirPath = "";
			projectRoot = "";
			targets = (
				B11D67F3273D8ACA00109A39 /* News app */,
			);
		};
/* End PBXProject section */

/* Begin PBXResourcesBuildPhase section */
		B11D67F2273D8ACA00109A39 /* Resources */ = {
			isa = PBXResourcesBuildPhase;
			buildActionMask = 2147483647;
			files = (
				B11D6808273D8FF100109A39 /* news.json in Resources */,
				B11D67FF273D8AD000109A39 /* Preview Assets.xcassets in Resources */,
				B11D67FC273D8AD000109A39 /* Assets.xcassets in Resources */,
			);
			runOnlyForDeploymentPostprocessing = 0;
		};
/* End PBXResourcesBuildPhase section */

/* Begin PBXSourcesBuildPhase section */
		B11D67F0273D8ACA00109A39 /* Sources */ = {
			isa = PBXSourcesBuildPhase;
			buildActionMask = 2147483647;
			files = (
				B11D67FA273D8ACA00109A39 /* ContentView.swift in Sources */,
				B19C3F1F273F8EF10053940D /* DataStore.swift in Sources */,
				B1D27EEE273E3512007D286A /* ArticleListView.swift in Sources */,
				B1D27EFC273E5C45007D286A /* EmptyPlaceholderView.swift in Sources */,
				B11D6810273D970300109A39 /* ArticleRowView.swift in Sources */,
				B15BD13C2741772B00D018B8 /* SearchHistoryListView.swift in Sources */,
				B1D27EFE273E5D35007D286A /* RetryView.swift in Sources */,
				B11D67F8273D8ACA00109A39 /* NewsApp.swift in Sources */,
				B1D27EF0273E3BA7007D286A /* SafariView.swift in Sources */,
				B19C3F2327400A740053940D /* SearchTabView.swift in Sources */,
				B19C3F21274008030053940D /* ArticleSearchViewModel.swift in Sources */,
				B1D27EF5273E44C6007D286A /* Category.swift in Sources */,
				B1D27EF8273E4DE2007D286A /* ArticleNewsViewModel.swift in Sources */,
				B1D27F00273EA207007D286A /* ArticleBookmarkViewModel.swift in Sources */,
				B1D27EFA273E54CD007D286A /* NewsTabView.swift in Sources */,
				B11D680D273D945C00109A39 /* NewsAPIResponse.swift in Sources */,
				B11D680B273D915100109A39 /* Article.swift in Sources */,
				B1D27EF3273E42C5007D286A /* NewsAPI.swift in Sources */,
				B1D27F02273ED81D007D286A /* BookmarkTabView.swift in Sources */,
			);
			runOnlyForDeploymentPostprocessing = 0;
		};
/* End PBXSourcesBuildPhase section */

/* Begin XCBuildConfiguration section */
		B11D6800273D8AD000109A39 /* Debug */ = {
			isa = XCBuildConfiguration;
			buildSettings = {
				ALWAYS_SEARCH_USER_PATHS = NO;
				CLANG_ANALYZER_NONNULL = YES;
				CLANG_ANALYZER_NUMBER_OBJECT_CONVERSION = YES_AGGRESSIVE;
				CLANG_CXX_LANGUAGE_STANDARD = "gnu++17";
				CLANG_CXX_LIBRARY = "libc++";
				CLANG_ENABLE_MODULES = YES;
				CLANG_ENABLE_OBJC_ARC = YES;
				CLANG_ENABLE_OBJC_WEAK = YES;
				CLANG_WARN_BLOCK_CAPTURE_AUTORELEASING = YES;
				CLANG_WARN_BOOL_CONVERSION = YES;
				CLANG_WARN_COMMA = YES;
				CLANG_WARN_CONSTANT_CONVERSION = YES;
				CLANG_WARN_DEPRECATED_OBJC_IMPLEMENTATIONS = YES;
				CLANG_WARN_DIRECT_OBJC_ISA_USAGE = YES_ERROR;
				CLANG_WARN_DOCUMENTATION_COMMENTS = YES;
				CLANG_WARN_EMPTY_BODY = YES;
				CLANG_WARN_ENUM_CONVERSION = YES;
				CLANG_WARN_INFINITE_RECURSION = YES;
				CLANG_WARN_INT_CONVERSION = YES;
				CLANG_WARN_NON_LITERAL_NULL_CONVERSION = YES;
				CLANG_WARN_OBJC_IMPLICIT_RETAIN_SELF = YES;
				CLANG_WARN_OBJC_LITERAL_CONVERSION = YES;
				CLANG_WARN_OBJC_ROOT_CLASS = YES_ERROR;
				CLANG_WARN_QUOTED_INCLUDE_IN_FRAMEWORK_HEADER = YES;
				CLANG_WARN_RANGE_LOOP_ANALYSIS = YES;
				CLANG_WARN_STRICT_PROTOTYPES = YES;
				CLANG_WARN_SUSPICIOUS_MOVE = YES;
				CLANG_WARN_UNGUARDED_AVAILABILITY = YES_AGGRESSIVE;
				CLANG_WARN_UNREACHABLE_CODE = YES;
				CLANG_WARN__DUPLICATE_METHOD_MATCH = YES;
				COPY_PHASE_STRIP = NO;
				DEBUG_INFORMATION_FORMAT = dwarf;
				ENABLE_STRICT_OBJC_MSGSEND = YES;
				ENABLE_TESTABILITY = YES;
				GCC_C_LANGUAGE_STANDARD = gnu11;
				GCC_DYNAMIC_NO_PIC = NO;
				GCC_NO_COMMON_BLOCKS = YES;
				GCC_OPTIMIZATION_LEVEL = 0;
				GCC_PREPROCESSOR_DEFINITIONS = (
					"DEBUG=1",
					"$(inherited)",
				);
				GCC_WARN_64_TO_32_BIT_CONVERSION = YES;
				GCC_WARN_ABOUT_RETURN_TYPE = YES_ERROR;
				GCC_WARN_UNDECLARED_SELECTOR = YES;
				GCC_WARN_UNINITIALIZED_AUTOS = YES_AGGRESSIVE;
				GCC_WARN_UNUSED_FUNCTION = YES;
				GCC_WARN_UNUSED_VARIABLE = YES;
				IPHONEOS_DEPLOYMENT_TARGET = 15.0;
				MTL_ENABLE_DEBUG_INFO = INCLUDE_SOURCE;
				MTL_FAST_MATH = YES;
				ONLY_ACTIVE_ARCH = YES;
				SDKROOT = iphoneos;
				SWIFT_ACTIVE_COMPILATION_CONDITIONS = DEBUG;
				SWIFT_OPTIMIZATION_LEVEL = "-Onone";
			};
			name = Debug;
		};
		B11D6801273D8AD000109A39 /* Release */ = {
			isa = XCBuildConfiguration;
			buildSettings = {
				ALWAYS_SEARCH_USER_PATHS = NO;
				CLANG_ANALYZER_NONNULL = YES;
				CLANG_ANALYZER_NUMBER_OBJECT_CONVERSION = YES_AGGRESSIVE;
				CLANG_CXX_LANGUAGE_STANDARD = "gnu++17";
				CLANG_CXX_LIBRARY = "libc++";
				CLANG_ENABLE_MODULES = YES;
				CLANG_ENABLE_OBJC_ARC = YES;
				CLANG_ENABLE_OBJC_WEAK = YES;
				CLANG_WARN_BLOCK_CAPTURE_AUTORELEASING = YES;
				CLANG_WARN_BOOL_CONVERSION = YES;
				CLANG_WARN_COMMA = YES;
				CLANG_WARN_CONSTANT_CONVERSION = YES;
				CLANG_WARN_DEPRECATED_OBJC_IMPLEMENTATIONS = YES;
				CLANG_WARN_DIRECT_OBJC_ISA_USAGE = YES_ERROR;
				CLANG_WARN_DOCUMENTATION_COMMENTS = YES;
				CLANG_WARN_EMPTY_BODY = YES;
				CLANG_WARN_ENUM_CONVERSION = YES;
				CLANG_WARN_INFINITE_RECURSION = YES;
				CLANG_WARN_INT_CONVERSION = YES;
				CLANG_WARN_NON_LITERAL_NULL_CONVERSION = YES;
				CLANG_WARN_OBJC_IMPLICIT_RETAIN_SELF = YES;
				CLANG_WARN_OBJC_LITERAL_CONVERSION = YES;
				CLANG_WARN_OBJC_ROOT_CLASS = YES_ERROR;
				CLANG_WARN_QUOTED_INCLUDE_IN_FRAMEWORK_HEADER = YES;
				CLANG_WARN_RANGE_LOOP_ANALYSIS = YES;
				CLANG_WARN_STRICT_PROTOTYPES = YES;
				CLANG_WARN_SUSPICIOUS_MOVE = YES;
				CLANG_WARN_UNGUARDED_AVAILABILITY = YES_AGGRESSIVE;
				CLANG_WARN_UNREACHABLE_CODE = YES;
				CLANG_WARN__DUPLICATE_METHOD_MATCH = YES;
				COPY_PHASE_STRIP = NO;
				DEBUG_INFORMATION_FORMAT = "dwarf-with-dsym";
				ENABLE_NS_ASSERTIONS = NO;
				ENABLE_STRICT_OBJC_MSGSEND = YES;
				GCC_C_LANGUAGE_STANDARD = gnu11;
				GCC_NO_COMMON_BLOCKS = YES;
				GCC_WARN_64_TO_32_BIT_CONVERSION = YES;
				GCC_WARN_ABOUT_RETURN_TYPE = YES_ERROR;
				GCC_WARN_UNDECLARED_SELECTOR = YES;
				GCC_WARN_UNINITIALIZED_AUTOS = YES_AGGRESSIVE;
				GCC_WARN_UNUSED_FUNCTION = YES;
				GCC_WARN_UNUSED_VARIABLE = YES;
				IPHONEOS_DEPLOYMENT_TARGET = 15.0;
				MTL_ENABLE_DEBUG_INFO = NO;
				MTL_FAST_MATH = YES;
				SDKROOT = iphoneos;
				SWIFT_COMPILATION_MODE = wholemodule;
				SWIFT_OPTIMIZATION_LEVEL = "-O";
				VALIDATE_PRODUCT = YES;
			};
			name = Release;
		};
		B11D6803273D8AD000109A39 /* Debug */ = {
			isa = XCBuildConfiguration;
			buildSettings = {
				ASSETCATALOG_COMPILER_APPICON_NAME = AppIcon;
				ASSETCATALOG_COMPILER_GLOBAL_ACCENT_COLOR_NAME = AccentColor;
				CODE_SIGN_STYLE = Automatic;
				CURRENT_PROJECT_VERSION = 1;
				DEVELOPMENT_ASSET_PATHS = "\"News app/Preview Content\"";
				DEVELOPMENT_TEAM = 5KM356QFVY;
				ENABLE_PREVIEWS = YES;
				GENERATE_INFOPLIST_FILE = YES;
				INFOPLIST_FILE = "News-app-Info.plist";
				INFOPLIST_KEY_UIApplicationSceneManifest_Generation = YES;
				INFOPLIST_KEY_UIApplicationSupportsIndirectInputEvents = YES;
				INFOPLIST_KEY_UILaunchScreen_Generation = YES;
				INFOPLIST_KEY_UISupportedInterfaceOrientations_iPad = "UIInterfaceOrientationPortrait UIInterfaceOrientationPortraitUpsideDown UIInterfaceOrientationLandscapeLeft UIInterfaceOrientationLandscapeRight";
				INFOPLIST_KEY_UISupportedInterfaceOrientations_iPhone = "UIInterfaceOrientationPortrait UIInterfaceOrientationLandscapeLeft UIInterfaceOrientationLandscapeRight";
				IPHONEOS_DEPLOYMENT_TARGET = 15.0;
				LD_RUNPATH_SEARCH_PATHS = (
					"$(inherited)",
					"@executable_path/Frameworks",
				);
				MARKETING_VERSION = 1.0;
				PRODUCT_BUNDLE_IDENTIFIER = "com.VJs.News-app";
				PRODUCT_NAME = "$(TARGET_NAME)";
				SWIFT_EMIT_LOC_STRINGS = YES;
				SWIFT_VERSION = 5.0;
				TARGETED_DEVICE_FAMILY = "1,2";
			};
			name = Debug;
		};
		B11D6804273D8AD000109A39 /* Release */ = {
			isa = XCBuildConfiguration;
			buildSettings = {
				ASSETCATALOG_COMPILER_APPICON_NAME = AppIcon;
				ASSETCATALOG_COMPILER_GLOBAL_ACCENT_COLOR_NAME = AccentColor;
				CODE_SIGN_STYLE = Automatic;
				CURRENT_PROJECT_VERSION = 1;
				DEVELOPMENT_ASSET_PATHS = "\"News app/Preview Content\"";
				DEVELOPMENT_TEAM = 5KM356QFVY;
				ENABLE_PREVIEWS = YES;
				GENERATE_INFOPLIST_FILE = YES;
				INFOPLIST_FILE = "News-app-Info.plist";
				INFOPLIST_KEY_UIApplicationSceneManifest_Generation = YES;
				INFOPLIST_KEY_UIApplicationSupportsIndirectInputEvents = YES;
				INFOPLIST_KEY_UILaunchScreen_Generation = YES;
				INFOPLIST_KEY_UISupportedInterfaceOrientations_iPad = "UIInterfaceOrientationPortrait UIInterfaceOrientationPortraitUpsideDown UIInterfaceOrientationLandscapeLeft UIInterfaceOrientationLandscapeRight";
				INFOPLIST_KEY_UISupportedInterfaceOrientations_iPhone = "UIInterfaceOrientationPortrait UIInterfaceOrientationLandscapeLeft UIInterfaceOrientationLandscapeRight";
				IPHONEOS_DEPLOYMENT_TARGET = 15.0;
				LD_RUNPATH_SEARCH_PATHS = (
					"$(inherited)",
					"@executable_path/Frameworks",
				);
				MARKETING_VERSION = 1.0;
				PRODUCT_BUNDLE_IDENTIFIER = "com.VJs.News-app";
				PRODUCT_NAME = "$(TARGET_NAME)";
				SWIFT_EMIT_LOC_STRINGS = YES;
				SWIFT_VERSION = 5.0;
				TARGETED_DEVICE_FAMILY = "1,2";
			};
			name = Release;
		};
/* End XCBuildConfiguration section */

/* Begin XCConfigurationList section */
		B11D67EF273D8ACA00109A39 /* Build configuration list for PBXProject "News app" */ = {
			isa = XCConfigurationList;
			buildConfigurations = (
				B11D6800273D8AD000109A39 /* Debug */,
				B11D6801273D8AD000109A39 /* Release */,
			);
			defaultConfigurationIsVisible = 0;
			defaultConfigurationName = Release;
		};
		B11D6802273D8AD000109A39 /* Build configuration list for PBXNativeTarget "News app" */ = {
			isa = XCConfigurationList;
			buildConfigurations = (
				B11D6803273D8AD000109A39 /* Debug */,
				B11D6804273D8AD000109A39 /* Release */,
			);
			defaultConfigurationIsVisible = 0;
			defaultConfigurationName = Release;
		};
/* End XCConfigurationList section */
	};
	rootObject = B11D67EC273D8ACA00109A39 /* Project object */;
}
